
Microsoft Visual Studio Solution File, Format Version 12.00
# Visual Studio Version 17
VisualStudioVersion = 17.5.002.0
MinimumVisualStudioVersion = 10.0.40219.1
Project("{9A19103F-16F7-4668-BE54-9A1E7A4F7556}") = "5.Part1_FinalTask", "5.Part1_FinalTask.csproj", "{BBB18FB1-887D-4746-A191-F5E251491ECC}"
EndProject
Global
	GlobalSection(SolutionConfigurationPlatforms) = preSolution
		Debug|Any CPU = Debug|Any CPU
		Release|Any CPU = Release|Any CPU
	EndGlobalSection
	GlobalSection(ProjectConfigurationPlatforms) = postSolution
		{BBB18FB1-887D-4746-A191-F5E251491ECC}.Debug|Any CPU.ActiveCfg = Debug|Any CPU
		{BBB18FB1-887D-4746-A191-F5E251491ECC}.Debug|Any CPU.Build.0 = Debug|Any CPU
		{BBB18FB1-887D-4746-A191-F5E251491ECC}.Release|Any CPU.ActiveCfg = Release|Any CPU
		{BBB18FB1-887D-4746-A191-F5E251491ECC}.Release|Any CPU.Build.0 = Release|Any CPU
	EndGlobalSection
	GlobalSection(SolutionProperties) = preSolution
		HideSolutionNode = FALSE
	EndGlobalSection
	GlobalSection(ExtensibilityGlobals) = postSolution
		SolutionGuid = {1FC6E680-F3AF-4B6F-B619-A47692BC47E7}
	EndGlobalSection
EndGlobal
